
Microsoft Visual Studio Solution File, Format Version 12.00
# Visual Studio 2012
Project("{FAE04EC0-301F-11D3-BF4B-00C04F79EFBC}") = "AccessControlDemo", "AccessControlDemo\AccessControlDemo.csproj", "{A7F4F1FC-E86E-4A7D-A23B-1976F5128333}"
EndProject
Project("{FAE04EC0-301F-11D3-BF4B-00C04F79EFBC}") = "AccessControlDemo2", "AccessControlDemo2\AccessControlDemo2.csproj", "{819FB3FE-67D0-4696-BABF-F6F227177E1C}"
EndProject
Project("{CC5FD16D-436D-48AD-A40C-5A424C6E3E79}") = "WifDemo", "WifDemo\WifDemo.ccproj", "{CCCCDF22-6D6F-4837-B259-A8F6FD568D1A}"
EndProject
Global
	GlobalSection(SolutionConfigurationPlatforms) = preSolution
		Debug|Any CPU = Debug|Any CPU
		Release|Any CPU = Release|Any CPU
	EndGlobalSection
	GlobalSection(ProjectConfigurationPlatforms) = postSolution
		{A7F4F1FC-E86E-4A7D-A23B-1976F5128333}.Debug|Any CPU.ActiveCfg = Debug|Any CPU
		{A7F4F1FC-E86E-4A7D-A23B-1976F5128333}.Debug|Any CPU.Build.0 = Debug|Any CPU
		{A7F4F1FC-E86E-4A7D-A23B-1976F5128333}.Release|Any CPU.ActiveCfg = Release|Any CPU
		{A7F4F1FC-E86E-4A7D-A23B-1976F5128333}.Release|Any CPU.Build.0 = Release|Any CPU
		{819FB3FE-67D0-4696-BABF-F6F227177E1C}.Debug|Any CPU.ActiveCfg = Debug|Any CPU
		{819FB3FE-67D0-4696-BABF-F6F227177E1C}.Debug|Any CPU.Build.0 = Debug|Any CPU
		{819FB3FE-67D0-4696-BABF-F6F227177E1C}.Release|Any CPU.ActiveCfg = Release|Any CPU
		{819FB3FE-67D0-4696-BABF-F6F227177E1C}.Release|Any CPU.Build.0 = Release|Any CPU
		{CCCCDF22-6D6F-4837-B259-A8F6FD568D1A}.Debug|Any CPU.ActiveCfg = Debug|Any CPU
		{CCCCDF22-6D6F-4837-B259-A8F6FD568D1A}.Debug|Any CPU.Build.0 = Debug|Any CPU
		{CCCCDF22-6D6F-4837-B259-A8F6FD568D1A}.Release|Any CPU.ActiveCfg = Release|Any CPU
		{CCCCDF22-6D6F-4837-B259-A8F6FD568D1A}.Release|Any CPU.Build.0 = Release|Any CPU
	EndGlobalSection
	GlobalSection(SolutionProperties) = preSolution
		HideSolutionNode = FALSE
	EndGlobalSection
EndGlobal
